
Microsoft Visual Studio Solution File, Format Version 12.00
# Visual Studio 14
VisualStudioVersion = 14.0.25420.1
MinimumVisualStudioVersion = 10.0.40219.1
Project("{FAE04EC0-301F-11D3-BF4B-00C04F79EFBC}") = "COMP123-S2017-Lesson12A1", "COMP123-S2017-Lesson12A1\COMP123-S2017-Lesson12A1.csproj", "{614E8C14-76EF-4C82-9F61-5122E01BA7AD}"
EndProject
Global
	GlobalSection(SolutionConfigurationPlatforms) = preSolution
		Debug|Any CPU = Debug|Any CPU
		Release|Any CPU = Release|Any CPU
	EndGlobalSection
	GlobalSection(ProjectConfigurationPlatforms) = postSolution
		{614E8C14-76EF-4C82-9F61-5122E01BA7AD}.Debug|Any CPU.ActiveCfg = Debug|Any CPU
		{614E8C14-76EF-4C82-9F61-5122E01BA7AD}.Debug|Any CPU.Build.0 = Debug|Any CPU
		{614E8C14-76EF-4C82-9F61-5122E01BA7AD}.Release|Any CPU.ActiveCfg = Release|Any CPU
		{614E8C14-76EF-4C82-9F61-5122E01BA7AD}.Release|Any CPU.Build.0 = Release|Any CPU
	EndGlobalSection
	GlobalSection(SolutionProperties) = preSolution
		HideSolutionNode = FALSE
	EndGlobalSection
EndGlobal
